Microsoft Visual Studio Solution File, Format Version 12.00
# Visual Studio Version 17
VisualStudioVersion = 17.5.2.0
MinimumVisualStudioVersion = 10.0.40219.1
Project("{FAE04EC0-301F-11D3-BF4B-00C04F79EFBC}") = "worker", "worker\worker.csproj", "{69C79C25-F84F-479E-3E79-EC68C71F7F70}"
EndProject
Project("{FAE04EC0-301F-11D3-BF4B-00C04F79EFBC}") = "ccp", "ccp\ccp.csproj", "{AE4FA407-1426-6DC3-7BCA-A52A13AEDCB8}"
EndProject
Project("{FAE04EC0-301F-11D3-BF4B-00C04F79EFBC}") = "shared", "shared\shared.csproj", "{B1C2D3E4-F5A6-B7C8-D9E0-F1A2B3C4D5E6}"
EndProject
Global
	GlobalSection(SolutionConfigurationPlatforms) = preSolution
		Debug|Any CPU = Debug|Any CPU
		Release|Any CPU = Release|Any CPU
	EndGlobalSection
	GlobalSection(ProjectConfigurationPlatforms) = postSolution
		{69C79C25-F84F-479E-3E79-EC68C71F7F70}.Debug|Any CPU.ActiveCfg = Debug|Any CPU
		{69C79C25-F84F-479E-3E79-EC68C71F7F70}.Debug|Any CPU.Build.0 = Debug|Any CPU
		{69C79C25-F84F-479E-3E79-EC68C71F7F70}.Release|Any CPU.ActiveCfg = Release|Any CPU
		{69C79C25-F84F-479E-3E79-EC68C71F7F70}.Release|Any CPU.Build.0 = Release|Any CPU
		{AE4FA407-1426-6DC3-7BCA-A52A13AEDCB8}.Debug|Any CPU.ActiveCfg = Debug|Any CPU
		{AE4FA407-1426-6DC3-7BCA-A52A13AEDCB8}.Debug|Any CPU.Build.0 = Debug|Any CPU
		{AE4FA407-1426-6DC3-7BCA-A52A13AEDCB8}.Release|Any CPU.ActiveCfg = Release|Any CPU
		{AE4FA407-1426-6DC3-7BCA-A52A13AEDCB8}.Release|Any CPU.Build.0 = Release|Any CPU
		{B1C2D3E4-F5A6-B7C8-D9E0-F1A2B3C4D5E6}.Debug|Any CPU.ActiveCfg = Debug|Any CPU
		{B1C2D3E4-F5A6-B7C8-D9E0-F1A2B3C4D5E6}.Debug|Any CPU.Build.0 = Debug|Any CPU
		{B1C2D3E4-F5A6-B7C8-D9E0-F1A2B3C4D5E6}.Release|Any CPU.ActiveCfg = Release|Any CPU
		{B1C2D3E4-F5A6-B7C8-D9E0-F1A2B3C4D5E6}.Release|Any CPU.Build.0 = Release|Any CPU
	EndGlobalSection
	GlobalSection(SolutionProperties) = preSolution
		HideSolutionNode = FALSE
	EndGlobalSection
	GlobalSection(ExtensibilityGlobals) = postSolution
		SolutionGuid = {F7188D86-FDD0-45AE-AC1B-435E3101D0F9}
	EndGlobalSection
EndGlobal
